
Microsoft Visual Studio Solution File, Format Version 12.00
# Visual Studio Version 17
VisualStudioVersion = 17.2.32526.322
MinimumVisualStudioVersion = 10.0.40219.1
Project("{FAE04EC0-301F-11D3-BF4B-00C04F79EFBC}") = "Delegates.Events", "Delegates.Events\Delegates.Events.csproj", "{9BC7A6CB-F664-4F9C-921A-7AC73E68E454}"
EndProject
Global
	GlobalSection(SolutionConfigurationPlatforms) = preSolution
		Debug|Any CPU = Debug|Any CPU
		Release|Any CPU = Release|Any CPU
	EndGlobalSection
	GlobalSection(ProjectConfigurationPlatforms) = postSolution
		{9BC7A6CB-F664-4F9C-921A-7AC73E68E454}.Debug|Any CPU.ActiveCfg = Debug|Any CPU
		{9BC7A6CB-F664-4F9C-921A-7AC73E68E454}.Debug|Any CPU.Build.0 = Debug|Any CPU
		{9BC7A6CB-F664-4F9C-921A-7AC73E68E454}.Release|Any CPU.ActiveCfg = Release|Any CPU
		{9BC7A6CB-F664-4F9C-921A-7AC73E68E454}.Release|Any CPU.Build.0 = Release|Any CPU
	EndGlobalSection
	GlobalSection(SolutionProperties) = preSolution
		HideSolutionNode = FALSE
	EndGlobalSection
	GlobalSection(ExtensibilityGlobals) = postSolution
		SolutionGuid = {98F38E0A-3D0B-43A1-BF51-CC5F2C125938}
	EndGlobalSection
EndGlobal
